<?xml version="1.0" encoding="utf-8"?>
<Project ToolsVersion="4.0" xmlns="http://schemas.microsoft.com/developer/msbuild/2003">
  <ItemGroup>
    <Filter Include="Source Files">
      <UniqueIdentifier>{4FC737F1-C7A5-4376-A066-2A32D752A2FF}</UniqueIdentifier>
      <Extensions>cpp;c;cc;cxx;c++;cppm;ixx;def;odl;idl;hpj;bat;asm;asmx</Extensions>
    </Filter>
    <Filter Include="Header Files">
      <UniqueIdentifier>{93995380-89BD-4b04-88EB-625FBE52EBFB}</UniqueIdentifier>
      <Extensions>h;hh;hpp;hxx;h++;hm;inl;inc;ipp;xsd</Extensions>
    </Filter>
    <Filter Include="Resource Files">
      <UniqueIdentifier>{67DA6AB6-F800-4c08-8B7A-83BB121AAD01}</UniqueIdentifier>
      <Extensions>rc;ico;cur;bmp;dlg;rc2;rct;bin;rgs;gif;jpg;jpeg;jpe;resx;tiff;tif;png;wav;mfcribbon-ms</Extensions>
    </Filter>
    <Filter Include="Docs">
      <UniqueIdentifier>{023f544e-6b00-457d-a171-b620b8141b0e}</UniqueIdentifier>
      <Extensions>txt;</Extensions>
    </Filter>
    <Filter Include="Support">
      <UniqueIdentifier>{63472866-1693-4e6e-9547-bb53e011a9e8}</UniqueIdentifier>
    </Filter>
    <Filter Include="Support\Header">
      <UniqueIdentifier>{168af1c0-5012-4fdf-bee0-48b43d71979e}</UniqueIdentifier>
    </Filter>
    <Filter Include="Support\Source">
      <UniqueIdentifier>{8dd56196-bcc6-45fa-8f7f-9704aa8b6ae4}</UniqueIdentifier>
    </Filter>
    <Filter Include="Deprecated - Bad">
      <UniqueIdentifier>{59b79e35-739a-4906-ae21-3fd45cbb1e90}</UniqueIdentifier>
    </Filter>
    <Filter Include="Deprecated - Bad\Header">
      <UniqueIdentifier>{31f20f4c-5409-4d53-9220-7547d4f1920e}</UniqueIdentifier>
    </Filter>
    <Filter Include="Deprecated - Bad\Source">
      <UniqueIdentifier>{cd028df5-9bd1-4c78-9d0b-622ceece2047}</UniqueIdentifier>
    </Filter>
  </ItemGroup>
  <ItemGroup>
    <ClCompile Include="src\FileStreamWrapperProject.cpp" />
    <ClCompile Include="src\ReadSerializedDataFile.cpp">
      <Filter>Source Files</Filter>
    </ClCompile>
    <ClCompile Include="src\WriteSerializedDataFile.cpp">
      <Filter>Source Files</Filter>
    </ClCompile>
    <ClCompile Include="src\DataTable.cpp">
      <Filter>Support\Source</Filter>
    </ClCompile>
    <ClCompile Include="src\DivideCharVecToLines.cpp">
      <Filter>Support\Source</Filter>
    </ClCompile>
    <ClCompile Include="src\ISerializable.cpp">
      <Filter>Support\Source</Filter>
    </ClCompile>
    <ClCompile Include="src\Serialization.cpp">
      <Filter>Support\Source</Filter>
    </ClCompile>
    <ClCompile Include="src\FileOperations.cpp">
      <Filter>Support\Source</Filter>
    </ClCompile>
    <ClCompile Include="src\ErrorsHandlerFileOperations.cpp">
      <Filter>Support\Source</Filter>
    </ClCompile>
  </ItemGroup>
  <ItemGroup>
    <ClInclude Include="include\ReadSerializedDataFile.h">
      <Filter>Header Files</Filter>
    </ClInclude>
    <ClInclude Include="include\WriteSerializedDataFile.h">
      <Filter>Header Files</Filter>
    </ClInclude>
    <ClInclude Include="include\ReadSerializedDataFileThread.h">
      <Filter>Header Files</Filter>
    </ClInclude>
    <ClInclude Include="include\WriteSerializedDataFileThread.h">
      <Filter>Header Files</Filter>
    </ClInclude>
    <ClInclude Include="include\ReadObjectInVecByte.h">
      <Filter>Header Files</Filter>
    </ClInclude>
    <ClInclude Include="include\ReadFormattedDataTableCSV.h">
      <Filter>Header Files</Filter>
    </ClInclude>
    <ClInclude Include="include\WriteDataTableCSV.h">
      <Filter>Header Files</Filter>
    </ClInclude>
    <ClInclude Include="include\GetFileLines.h">
      <Filter>Header Files</Filter>
    </ClInclude>
    <ClInclude Include="include\BOM.h">
      <Filter>Support\Header</Filter>
    </ClInclude>
    <ClInclude Include="include\DataTable.h">
      <Filter>Support\Header</Filter>
    </ClInclude>
    <ClInclude Include="include\DivideCharVecToLines.h">
      <Filter>Support\Header</Filter>
    </ClInclude>
    <ClInclude Include="include\FileConstants.h">
      <Filter>Support\Header</Filter>
    </ClInclude>
    <ClInclude Include="include\FileOperations.h">
      <Filter>Support\Header</Filter>
    </ClInclude>
    <ClInclude Include="include\FileService.h">
      <Filter>Support\Header</Filter>
    </ClInclude>
    <ClInclude Include="include\ISerializable.h">
      <Filter>Support\Header</Filter>
    </ClInclude>
    <ClInclude Include="include\Serialization.h">
      <Filter>Support\Header</Filter>
    </ClInclude>
    <ClInclude Include="include\ErrorsHandlerFileOperations.h">
      <Filter>Support\Header</Filter>
    </ClInclude>
    <ClInclude Include="include\ReadStreamState.h">
      <Filter>Support\Header</Filter>
    </ClInclude>
    <ClInclude Include="include\ReadDataFile.h">
      <Filter>Deprecated - Bad\Header</Filter>
    </ClInclude>
    <ClInclude Include="include\ReadDataFileThread.h">
      <Filter>Deprecated - Bad\Header</Filter>
    </ClInclude>
    <ClInclude Include="include\ReadTextFile.h">
      <Filter>Deprecated - Bad\Header</Filter>
    </ClInclude>
    <ClInclude Include="include\ReadTextFileBig.h">
      <Filter>Deprecated - Bad\Header</Filter>
    </ClInclude>
    <ClInclude Include="include\ReadTextFileBigThread.h">
      <Filter>Deprecated - Bad\Header</Filter>
    </ClInclude>
    <ClInclude Include="include\ReadTextFileThread.h">
      <Filter>Deprecated - Bad\Header</Filter>
    </ClInclude>
    <ClInclude Include="include\WriteTextFile.h">
      <Filter>Deprecated - Bad\Header</Filter>
    </ClInclude>
    <ClInclude Include="include\WriteTextFileBig.h">
      <Filter>Deprecated - Bad\Header</Filter>
    </ClInclude>
    <ClInclude Include="include\WriteTextFileBigThread.h">
      <Filter>Deprecated - Bad\Header</Filter>
    </ClInclude>
    <ClInclude Include="include\WriteTextFileThread.h">
      <Filter>Deprecated - Bad\Header</Filter>
    </ClInclude>
    <ClInclude Include="include\WriteDataFile.h">
      <Filter>Deprecated - Bad\Header</Filter>
    </ClInclude>
    <ClInclude Include="include\WriteDataFileThread.h">
      <Filter>Deprecated - Bad\Header</Filter>
    </ClInclude>
    <ClInclude Include="include\ReadBinaryFile.h">
      <Filter>Header Files</Filter>
    </ClInclude>
    <ClInclude Include="include\WriteBinaryFile.h">
      <Filter>Header Files</Filter>
    </ClInclude>
    <ClInclude Include="include\ReadBinaryFileThread.h">
      <Filter>Header Files</Filter>
    </ClInclude>
    <ClInclude Include="include\WriteBinaryFileThread.h">
      <Filter>Header Files</Filter>
    </ClInclude>
  </ItemGroup>
  <ItemGroup>
    <Text Include="docs\CopyPastHelper.txt">
      <Filter>Docs</Filter>
    </Text>
    <Text Include="docs\TODO.txt">
      <Filter>Docs</Filter>
    </Text>
  </ItemGroup>
</Project>