<?xml version="1.0" encoding="utf-8"?>
<Project ToolsVersion="4.0" xmlns="http://schemas.microsoft.com/developer/msbuild/2003">
  <ItemGroup>
    <Filter Include="Source Files">
      <UniqueIdentifier>{4FC737F1-C7A5-4376-A066-2A32D752A2FF}</UniqueIdentifier>
      <Extensions>cpp;c;cc;cxx;c++;cppm;ixx;def;odl;idl;hpj;bat;asm;asmx</Extensions>
    </Filter>
    <Filter Include="Header Files">
      <UniqueIdentifier>{93995380-89BD-4b04-88EB-625FBE52EBFB}</UniqueIdentifier>
      <Extensions>h;hh;hpp;hxx;h++;hm;inl;inc;ipp;xsd</Extensions>
    </Filter>
    <Filter Include="Resource Files">
      <UniqueIdentifier>{67DA6AB6-F800-4c08-8B7A-83BB121AAD01}</UniqueIdentifier>
      <Extensions>rc;ico;cur;bmp;dlg;rc2;rct;bin;rgs;gif;jpg;jpeg;jpe;resx;tiff;tif;png;wav;mfcribbon-ms</Extensions>
    </Filter>
    <Filter Include="Docs">
      <UniqueIdentifier>{023f544e-6b00-457d-a171-b620b8141b0e}</UniqueIdentifier>
      <Extensions>txt;</Extensions>
    </Filter>
    <Filter Include="Support">
      <UniqueIdentifier>{63472866-1693-4e6e-9547-bb53e011a9e8}</UniqueIdentifier>
    </Filter>
    <Filter Include="Support\Header">
      <UniqueIdentifier>{168af1c0-5012-4fdf-bee0-48b43d71979e}</UniqueIdentifier>
    </Filter>
    <Filter Include="Support\Source">
      <UniqueIdentifier>{8dd56196-bcc6-45fa-8f7f-9704aa8b6ae4}</UniqueIdentifier>
    </Filter>
    <Filter Include="Deprecated - Bad">
      <UniqueIdentifier>{59b79e35-739a-4906-ae21-3fd45cbb1e90}</UniqueIdentifier>
    </Filter>
    <Filter Include="Deprecated - Bad\Header">
      <UniqueIdentifier>{31f20f4c-5409-4d53-9220-7547d4f1920e}</UniqueIdentifier>
    </Filter>
    <Filter Include="Deprecated - Bad\Source">
      <UniqueIdentifier>{cd028df5-9bd1-4c78-9d0b-622ceece2047}</UniqueIdentifier>
    </Filter>
  </ItemGroup>
  <ItemGroup>
    <ClCompile Include="src\file-stream-wrapper-project.cpp" />
    <ClCompile Include="src\read-serialized-data-file.cpp">
      <Filter>Source Files</Filter>
    </ClCompile>
    <ClCompile Include="src\divide-char-vec-to-lines.cpp">
      <Filter>Support\Source</Filter>
    </ClCompile>
    <ClCompile Include="src\iserializable.cpp">
      <Filter>Support\Source</Filter>
    </ClCompile>
    <ClCompile Include="src\serialization.cpp">
      <Filter>Support\Source</Filter>
    </ClCompile>
    <ClCompile Include="src\file-operations.cpp">
      <Filter>Support\Source</Filter>
    </ClCompile>
    <ClCompile Include="src\errors-handler-file-operations.cpp">
      <Filter>Support\Source</Filter>
    </ClCompile>
  </ItemGroup>
  <ItemGroup>
    <ClInclude Include="include\read-serialized-data-file.hpp">
      <Filter>Header Files</Filter>
    </ClInclude>
    <ClInclude Include="include\write-serialized-data-file.hpp">
      <Filter>Header Files</Filter>
    </ClInclude>
    <ClInclude Include="include\read-serialized-data-file-thread.hpp">
      <Filter>Header Files</Filter>
    </ClInclude>
    <ClInclude Include="include\write-serialized-data-file-thread.hpp">
      <Filter>Header Files</Filter>
    </ClInclude>
    <ClInclude Include="include\read-object-in-vec-byte.hpp">
      <Filter>Header Files</Filter>
    </ClInclude>
    <ClInclude Include="include\read-formatted-data-table-csv.hpp">
      <Filter>Header Files</Filter>
    </ClInclude>
    <ClInclude Include="include\write-data-table-csv.hpp">
      <Filter>Header Files</Filter>
    </ClInclude>
    <ClInclude Include="include\get-file-lines.hpp">
      <Filter>Header Files</Filter>
    </ClInclude>
    <ClInclude Include="include\bom.hpp">
      <Filter>Support\Header</Filter>
    </ClInclude>
    <ClInclude Include="include\data-table.hpp">
      <Filter>Support\Header</Filter>
    </ClInclude>
    <ClInclude Include="include\divide-char-vec-to-lines.hpp">
      <Filter>Support\Header</Filter>
    </ClInclude>
    <ClInclude Include="include\file-constants.hpp">
      <Filter>Support\Header</Filter>
    </ClInclude>
    <ClInclude Include="include\file-operations.hpp">
      <Filter>Support\Header</Filter>
    </ClInclude>
    <ClInclude Include="include\file-service.hpp">
      <Filter>Support\Header</Filter>
    </ClInclude>
    <ClInclude Include="include\iserializable.hpp">
      <Filter>Support\Header</Filter>
    </ClInclude>
    <ClInclude Include="include\serialization.hpp">
      <Filter>Support\Header</Filter>
    </ClInclude>
    <ClInclude Include="include\errors-handler-file-operations.hpp">
      <Filter>Support\Header</Filter>
    </ClInclude>
    <ClInclude Include="include\read-stream-state.hpp">
      <Filter>Support\Header</Filter>
    </ClInclude>
    <ClInclude Include="include\read-data-file.hpp">
      <Filter>Deprecated - Bad\Header</Filter>
    </ClInclude>
    <ClInclude Include="include\read-data-file-thread.hpp">
      <Filter>Deprecated - Bad\Header</Filter>
    </ClInclude>
    <ClInclude Include="include\read-text-file.hpp">
      <Filter>Deprecated - Bad\Header</Filter>
    </ClInclude>
    <ClInclude Include="include\read-text-file-big.hpp">
      <Filter>Deprecated - Bad\Header</Filter>
    </ClInclude>
    <ClInclude Include="include\read-text-file-big-thread.hpp">
      <Filter>Deprecated - Bad\Header</Filter>
    </ClInclude>
    <ClInclude Include="include\read-text-file-thread.hpp">
      <Filter>Deprecated - Bad\Header</Filter>
    </ClInclude>
    <ClInclude Include="include\write-text-file.hpp">
      <Filter>Deprecated - Bad\Header</Filter>
    </ClInclude>
    <ClInclude Include="include\write-text-file-big.hpp">
      <Filter>Deprecated - Bad\Header</Filter>
    </ClInclude>
    <ClInclude Include="include\write-text-file-big-thread.hpp">
      <Filter>Deprecated - Bad\Header</Filter>
    </ClInclude>
    <ClInclude Include="include\write-text-file-thread.hpp">
      <Filter>Deprecated - Bad\Header</Filter>
    </ClInclude>
    <ClInclude Include="include\write-data-file.hpp">
      <Filter>Deprecated - Bad\Header</Filter>
    </ClInclude>
    <ClInclude Include="include\write-data-file-thread.hpp">
      <Filter>Deprecated - Bad\Header</Filter>
    </ClInclude>
    <ClInclude Include="include\read-binary-file.hpp">
      <Filter>Header Files</Filter>
    </ClInclude>
    <ClInclude Include="include\write-binary-file.hpp">
      <Filter>Header Files</Filter>
    </ClInclude>
    <ClInclude Include="include\read-binary-file-thread.hpp">
      <Filter>Header Files</Filter>
    </ClInclude>
    <ClInclude Include="include\write-binary-file-thread.hpp">
      <Filter>Header Files</Filter>
    </ClInclude>
  </ItemGroup>
  <ItemGroup>
    <Text Include="docs\copy-past-helper.txt">
      <Filter>Docs</Filter>
    </Text>
    <Text Include="docs\to-do.txt">
      <Filter>Docs</Filter>
    </Text>
  </ItemGroup>
</Project>