
Microsoft Visual Studio Solution File, Format Version 12.00
# Visual Studio Version 16
VisualStudioVersion = 16.0.31205.134
MinimumVisualStudioVersion = 10.0.40219.1
Project("{8BC9CEB8-8B4A-11D0-8D11-00A0C91BC942}") = "file-stream-test", "tests\FileStreamTest\FileStreamTest.vcxproj", "{714F4FE1-4CB4-4193-BDF6-282D8128AB4B}"
EndProject
Project("{8BC9CEB8-8B4A-11D0-8D11-00A0C91BC942}") = "file-stream-wrapper", "file-stream-wrapper.vcxproj", "{E728A586-3B65-4B85-82EB-8372B706541E}"
EndProject
Global
	GlobalSection(SolutionConfigurationPlatforms) = preSolution
		Debug|x64 = Debug|x64
		Debug|x86 = Debug|x86
		Release|x64 = Release|x64
		Release|x86 = Release|x86
	EndGlobalSection
	GlobalSection(ProjectConfigurationPlatforms) = postSolution
		{714F4FE1-4CB4-4193-BDF6-282D8128AB4B}.Debug|x64.ActiveCfg = Debug|x64
		{714F4FE1-4CB4-4193-BDF6-282D8128AB4B}.Debug|x64.Build.0 = Debug|x64
		{714F4FE1-4CB4-4193-BDF6-282D8128AB4B}.Debug|x86.ActiveCfg = Debug|Win32
		{714F4FE1-4CB4-4193-BDF6-282D8128AB4B}.Debug|x86.Build.0 = Debug|Win32
		{714F4FE1-4CB4-4193-BDF6-282D8128AB4B}.Release|x64.ActiveCfg = Release|x64
		{714F4FE1-4CB4-4193-BDF6-282D8128AB4B}.Release|x64.Build.0 = Release|x64
		{714F4FE1-4CB4-4193-BDF6-282D8128AB4B}.Release|x86.ActiveCfg = Release|Win32
		{714F4FE1-4CB4-4193-BDF6-282D8128AB4B}.Release|x86.Build.0 = Release|Win32
		{E728A586-3B65-4B85-82EB-8372B706541E}.Debug|x64.ActiveCfg = Debug|x64
		{E728A586-3B65-4B85-82EB-8372B706541E}.Debug|x64.Build.0 = Debug|x64
		{E728A586-3B65-4B85-82EB-8372B706541E}.Debug|x86.ActiveCfg = Debug|Win32
		{E728A586-3B65-4B85-82EB-8372B706541E}.Debug|x86.Build.0 = Debug|Win32
		{E728A586-3B65-4B85-82EB-8372B706541E}.Release|x64.ActiveCfg = Release|x64
		{E728A586-3B65-4B85-82EB-8372B706541E}.Release|x64.Build.0 = Release|x64
		{E728A586-3B65-4B85-82EB-8372B706541E}.Release|x86.ActiveCfg = Release|Win32
		{E728A586-3B65-4B85-82EB-8372B706541E}.Release|x86.Build.0 = Release|Win32
	EndGlobalSection
	GlobalSection(SolutionProperties) = preSolution
		HideSolutionNode = FALSE
	EndGlobalSection
	GlobalSection(ExtensibilityGlobals) = postSolution
		SolutionGuid = {250CA79D-F8F9-41DF-B2CC-C83A780E9D9C}
	EndGlobalSection
EndGlobal
